
Microsoft Visual Studio Solution File, Format Version 12.00
# Visual Studio Version 17
VisualStudioVersion = 17.3.32901.215
MinimumVisualStudioVersion = 10.0.40219.1
Project("{FAE04EC0-301F-11D3-BF4B-00C04F79EFBC}") = "lab2final", "lab2final.csproj", "{75E2875A-E1E7-4DE9-849C-6F1C9BC291BD}"
EndProject
Global
	GlobalSection(SolutionConfigurationPlatforms) = preSolution
		Debug|Any CPU = Debug|Any CPU
		Release|Any CPU = Release|Any CPU
	EndGlobalSection
	GlobalSection(ProjectConfigurationPlatforms) = postSolution
		{75E2875A-E1E7-4DE9-849C-6F1C9BC291BD}.Debug|Any CPU.ActiveCfg = Debug|Any CPU
		{75E2875A-E1E7-4DE9-849C-6F1C9BC291BD}.Debug|Any CPU.Build.0 = Debug|Any CPU
		{75E2875A-E1E7-4DE9-849C-6F1C9BC291BD}.Release|Any CPU.ActiveCfg = Release|Any CPU
		{75E2875A-E1E7-4DE9-849C-6F1C9BC291BD}.Release|Any CPU.Build.0 = Release|Any CPU
	EndGlobalSection
	GlobalSection(SolutionProperties) = preSolution
		HideSolutionNode = FALSE
	EndGlobalSection
	GlobalSection(ExtensibilityGlobals) = postSolution
		SolutionGuid = {5D4792CC-1C37-4BB3-A9F2-0B2CA98522DF}
	EndGlobalSection
EndGlobal
